// !$*UTF8*$!
{
	archiveVersion = 1;
	classes = {
	};
	objectVersion = 50;
	objects = {

/* Begin PBXBuildFile section */
		219A8AA8241E367F008F5A09 /* AppDelegate.swift in Sources */ = {isa = PBXBuildFile; fileRef = 219A8AA7241E367F008F5A09 /* AppDelegate.swift */; };
		219A8AAA241E367F008F5A09 /* SceneDelegate.swift in Sources */ = {isa = PBXBuildFile; fileRef = 219A8AA9241E367F008F5A09 /* SceneDelegate.swift */; };
		219A8AAC241E367F008F5A09 /* ViewController.swift in Sources */ = {isa = PBXBuildFile; fileRef = 219A8AAB241E367F008F5A09 /* ViewController.swift */; };
		219A8AAF241E367F008F5A09 /* Main.storyboard in Resources */ = {isa = PBXBuildFile; fileRef = 219A8AAD241E367F008F5A09 /* Main.storyboard */; };
		219A8AB1241E3685008F5A09 /* Assets.xcassets in Resources */ = {isa = PBXBuildFile; fileRef = 219A8AB0241E3685008F5A09 /* Assets.xcassets */; };
		219A8AB4241E3685008F5A09 /* LaunchScreen.storyboard in Resources */ = {isa = PBXBuildFile; fileRef = 219A8AB2241E3685008F5A09 /* LaunchScreen.storyboard */; };
		219A8ABC241E3698008F5A09 /* SwiftUIDemoView.swift in Sources */ = {isa = PBXBuildFile; fileRef = 219A8ABB241E3698008F5A09 /* SwiftUIDemoView.swift */; };
		219A8ABE241E3AE2008F5A09 /* CircleImageView.swift in Sources */ = {isa = PBXBuildFile; fileRef = 219A8ABD241E3AE2008F5A09 /* CircleImageView.swift */; };
		219A8AC2241E3DD0008F5A09 /* MapView.swift in Sources */ = {isa = PBXBuildFile; fileRef = 219A8AC1241E3DD0008F5A09 /* MapView.swift */; };
		219A8AC4241E3FD7008F5A09 /* MapCircleTextContentView.swift in Sources */ = {isa = PBXBuildFile; fileRef = 219A8AC3241E3FD7008F5A09 /* MapCircleTextContentView.swift */; };
		219A8AC8241E43CD008F5A09 /* Landmark.swift in Sources */ = {isa = PBXBuildFile; fileRef = 219A8AC7241E43CD008F5A09 /* Landmark.swift */; };
		219A8ACC241E4542008F5A09 /* LandMarkDetailView.swift in Sources */ = {isa = PBXBuildFile; fileRef = 219A8ACB241E4542008F5A09 /* LandMarkDetailView.swift */; };
		219A8AD0241E45F8008F5A09 /* LandmarkRow.swift in Sources */ = {isa = PBXBuildFile; fileRef = 219A8ACF241E45F8008F5A09 /* LandmarkRow.swift */; };
		219A8AD5241E4C3D008F5A09 /* Data.swift in Sources */ = {isa = PBXBuildFile; fileRef = 219A8AD4241E4C3D008F5A09 /* Data.swift */; };
		219A8AE4241E4EEF008F5A09 /* turtlerock.jpg in Resources */ = {isa = PBXBuildFile; fileRef = 219A8AD7241E4EEE008F5A09 /* turtlerock.jpg */; };
		219A8AE5241E4EEF008F5A09 /* silversalmoncreek.jpg in Resources */ = {isa = PBXBuildFile; fileRef = 219A8AD8241E4EEE008F5A09 /* silversalmoncreek.jpg */; };
		219A8AE6241E4EEF008F5A09 /* icybay.jpg in Resources */ = {isa = PBXBuildFile; fileRef = 219A8AD9241E4EEE008F5A09 /* icybay.jpg */; };
		219A8AE7241E4EEF008F5A09 /* lakemcdonald.jpg in Resources */ = {isa = PBXBuildFile; fileRef = 219A8ADA241E4EEE008F5A09 /* lakemcdonald.jpg */; };
		219A8AE8241E4EEF008F5A09 /* hiddenlake.jpg in Resources */ = {isa = PBXBuildFile; fileRef = 219A8ADB241E4EEE008F5A09 /* hiddenlake.jpg */; };
		219A8AE9241E4EEF008F5A09 /* twinlake.jpg in Resources */ = {isa = PBXBuildFile; fileRef = 219A8ADC241E4EEE008F5A09 /* twinlake.jpg */; };
		219A8AEA241E4EEF008F5A09 /* umbagog.jpg in Resources */ = {isa = PBXBuildFile; fileRef = 219A8ADD241E4EEE008F5A09 /* umbagog.jpg */; };
		219A8AEB241E4EEF008F5A09 /* landmarkData.json in Resources */ = {isa = PBXBuildFile; fileRef = 219A8ADE241E4EEE008F5A09 /* landmarkData.json */; };
		219A8AEC241E4EEF008F5A09 /* chincoteague.jpg in Resources */ = {isa = PBXBuildFile; fileRef = 219A8ADF241E4EEE008F5A09 /* chincoteague.jpg */; };
		219A8AED241E4EEF008F5A09 /* yukon_charleyrivers.jpg in Resources */ = {isa = PBXBuildFile; fileRef = 219A8AE0241E4EEE008F5A09 /* yukon_charleyrivers.jpg */; };
		219A8AEE241E4EEF008F5A09 /* stmarylake.jpg in Resources */ = {isa = PBXBuildFile; fileRef = 219A8AE1241E4EEE008F5A09 /* stmarylake.jpg */; };
		219A8AEF241E4EEF008F5A09 /* chilkoottrail.jpg in Resources */ = {isa = PBXBuildFile; fileRef = 219A8AE2241E4EEE008F5A09 /* chilkoottrail.jpg */; };
		219A8AF0241E4EEF008F5A09 /* rainbowlake.jpg in Resources */ = {isa = PBXBuildFile; fileRef = 219A8AE3241E4EEE008F5A09 /* rainbowlake.jpg */; };
		219A8AF2241E4F61008F5A09 /* WYW.jpg in Resources */ = {isa = PBXBuildFile; fileRef = 219A8AF1241E4F61008F5A09 /* WYW.jpg */; };
		219A8AF4241E5096008F5A09 /* LandmarkListView.swift in Sources */ = {isa = PBXBuildFile; fileRef = 219A8AF3241E5096008F5A09 /* LandmarkListView.swift */; };
/* End PBXBuildFile section */

/* Begin PBXFileReference section */
		219A8AA4241E367F008F5A09 /* SwiftUIDemo.app */ = {isa = PBXFileReference; explicitFileType = wrapper.application; includeInIndex = 0; path = SwiftUIDemo.app; sourceTree = BUILT_PRODUCTS_DIR; };
		219A8AA7241E367F008F5A09 /* AppDelegate.swift */ = {isa = PBXFileReference; lastKnownFileType = sourcecode.swift; path = AppDelegate.swift; sourceTree = "<group>"; };
		219A8AA9241E367F008F5A09 /* SceneDelegate.swift */ = {isa = PBXFileReference; lastKnownFileType = sourcecode.swift; path = SceneDelegate.swift; sourceTree = "<group>"; };
		219A8AAB241E367F008F5A09 /* ViewController.swift */ = {isa = PBXFileReference; lastKnownFileType = sourcecode.swift; path = ViewController.swift; sourceTree = "<group>"; };
		219A8AAE241E367F008F5A09 /* Base */ = {isa = PBXFileReference; lastKnownFileType = file.storyboard; name = Base; path = Base.lproj/Main.storyboard; sourceTree = "<group>"; };
		219A8AB0241E3685008F5A09 /* Assets.xcassets */ = {isa = PBXFileReference; lastKnownFileType = folder.assetcatalog; path = Assets.xcassets; sourceTree = "<group>"; };
		219A8AB3241E3685008F5A09 /* Base */ = {isa = PBXFileReference; lastKnownFileType = file.storyboard; name = Base; path = Base.lproj/LaunchScreen.storyboard; sourceTree = "<group>"; };
		219A8AB5241E3685008F5A09 /* Info.plist */ = {isa = PBXFileReference; lastKnownFileType = text.plist.xml; path = Info.plist; sourceTree = "<group>"; };
		219A8ABB241E3698008F5A09 /* SwiftUIDemoView.swift */ = {isa = PBXFileReference; lastKnownFileType = sourcecode.swift; path = SwiftUIDemoView.swift; sourceTree = "<group>"; };
		219A8ABD241E3AE2008F5A09 /* CircleImageView.swift */ = {isa = PBXFileReference; lastKnownFileType = sourcecode.swift; path = CircleImageView.swift; sourceTree = "<group>"; };
		219A8AC1241E3DD0008F5A09 /* MapView.swift */ = {isa = PBXFileReference; lastKnownFileType = sourcecode.swift; path = MapView.swift; sourceTree = "<group>"; };
		219A8AC3241E3FD7008F5A09 /* MapCircleTextContentView.swift */ = {isa = PBXFileReference; lastKnownFileType = sourcecode.swift; path = MapCircleTextContentView.swift; sourceTree = "<group>"; };
		219A8AC7241E43CD008F5A09 /* Landmark.swift */ = {isa = PBXFileReference; lastKnownFileType = sourcecode.swift; path = Landmark.swift; sourceTree = "<group>"; };
		219A8ACB241E4542008F5A09 /* LandMarkDetailView.swift */ = {isa = PBXFileReference; lastKnownFileType = sourcecode.swift; path = LandMarkDetailView.swift; sourceTree = "<group>"; };
		219A8ACF241E45F8008F5A09 /* LandmarkRow.swift */ = {isa = PBXFileReference; lastKnownFileType = sourcecode.swift; path = LandmarkRow.swift; sourceTree = "<group>"; };
		219A8AD4241E4C3D008F5A09 /* Data.swift */ = {isa = PBXFileReference; lastKnownFileType = sourcecode.swift; path = Data.swift; sourceTree = "<group>"; };
		219A8AD7241E4EEE008F5A09 /* turtlerock.jpg */ = {isa = PBXFileReference; lastKnownFileType = image.jpeg; path = turtlerock.jpg; sourceTree = "<group>"; };
		219A8AD8241E4EEE008F5A09 /* silversalmoncreek.jpg */ = {isa = PBXFileReference; lastKnownFileType = image.jpeg; path = silversalmoncreek.jpg; sourceTree = "<group>"; };
		219A8AD9241E4EEE008F5A09 /* icybay.jpg */ = {isa = PBXFileReference; lastKnownFileType = image.jpeg; path = icybay.jpg; sourceTree = "<group>"; };
		219A8ADA241E4EEE008F5A09 /* lakemcdonald.jpg */ = {isa = PBXFileReference; lastKnownFileType = image.jpeg; path = lakemcdonald.jpg; sourceTree = "<group>"; };
		219A8ADB241E4EEE008F5A09 /* hiddenlake.jpg */ = {isa = PBXFileReference; lastKnownFileType = image.jpeg; path = hiddenlake.jpg; sourceTree = "<group>"; };
		219A8ADC241E4EEE008F5A09 /* twinlake.jpg */ = {isa = PBXFileReference; lastKnownFileType = image.jpeg; path = twinlake.jpg; sourceTree = "<group>"; };
		219A8ADD241E4EEE008F5A09 /* umbagog.jpg */ = {isa = PBXFileReference; lastKnownFileType = image.jpeg; path = umbagog.jpg; sourceTree = "<group>"; };
		219A8ADE241E4EEE008F5A09 /* landmarkData.json */ = {isa = PBXFileReference; fileEncoding = 4; lastKnownFileType = text.json; path = landmarkData.json; sourceTree = "<group>"; };
		219A8ADF241E4EEE008F5A09 /* chincoteague.jpg */ = {isa = PBXFileReference; lastKnownFileType = image.jpeg; path = chincoteague.jpg; sourceTree = "<group>"; };
		219A8AE0241E4EEE008F5A09 /* yukon_charleyrivers.jpg */ = {isa = PBXFileReference; lastKnownFileType = image.jpeg; path = yukon_charleyrivers.jpg; sourceTree = "<group>"; };
		219A8AE1241E4EEE008F5A09 /* stmarylake.jpg */ = {isa = PBXFileReference; lastKnownFileType = image.jpeg; path = stmarylake.jpg; sourceTree = "<group>"; };
		219A8AE2241E4EEE008F5A09 /* chilkoottrail.jpg */ = {isa = PBXFileReference; lastKnownFileType = image.jpeg; path = chilkoottrail.jpg; sourceTree = "<group>"; };
		219A8AE3241E4EEE008F5A09 /* rainbowlake.jpg */ = {isa = PBXFileReference; lastKnownFileType = image.jpeg; path = rainbowlake.jpg; sourceTree = "<group>"; };
		219A8AF1241E4F61008F5A09 /* WYW.jpg */ = {isa = PBXFileReference; lastKnownFileType = image.jpeg; path = WYW.jpg; sourceTree = "<group>"; };
		219A8AF3241E5096008F5A09 /* LandmarkListView.swift */ = {isa = PBXFileReference; lastKnownFileType = sourcecode.swift; path = LandmarkListView.swift; sourceTree = "<group>"; };
/* End PBXFileReference section */

/* Begin PBXFrameworksBuildPhase section */
		219A8AA1241E367F008F5A09 /* Frameworks */ = {
			isa = PBXFrameworksBuildPhase;
			buildActionMask = 2147483647;
			files = (
			);
			runOnlyForDeploymentPostprocessing = 0;
		};
/* End PBXFrameworksBuildPhase section */

/* Begin PBXGroup section */
		219A8A9B241E367F008F5A09 = {
			isa = PBXGroup;
			children = (
				219A8AA6241E367F008F5A09 /* SwiftUIDemo */,
				219A8AA5241E367F008F5A09 /* Products */,
			);
			sourceTree = "<group>";
		};
		219A8AA5241E367F008F5A09 /* Products */ = {
			isa = PBXGroup;
			children = (
				219A8AA4241E367F008F5A09 /* SwiftUIDemo.app */,
			);
			name = Products;
			sourceTree = "<group>";
		};
		219A8AA6241E367F008F5A09 /* SwiftUIDemo */ = {
			isa = PBXGroup;
			children = (
				219A8AC6241E43A3008F5A09 /* Building Lists and Navigation */,
				219A8AC5241E4356008F5A09 /* Creating and Combining Views */,
				219A8AA7241E367F008F5A09 /* AppDelegate.swift */,
				219A8AA9241E367F008F5A09 /* SceneDelegate.swift */,
				219A8AAB241E367F008F5A09 /* ViewController.swift */,
				219A8AAD241E367F008F5A09 /* Main.storyboard */,
				219A8AB0241E3685008F5A09 /* Assets.xcassets */,
				219A8AB2241E3685008F5A09 /* LaunchScreen.storyboard */,
				219A8AB5241E3685008F5A09 /* Info.plist */,
			);
			path = SwiftUIDemo;
			sourceTree = "<group>";
		};
		219A8AC5241E4356008F5A09 /* Creating and Combining Views */ = {
			isa = PBXGroup;
			children = (
				219A8ABB241E3698008F5A09 /* SwiftUIDemoView.swift */,
				219A8ABD241E3AE2008F5A09 /* CircleImageView.swift */,
				219A8AC1241E3DD0008F5A09 /* MapView.swift */,
				219A8AC3241E3FD7008F5A09 /* MapCircleTextContentView.swift */,
			);
			path = "Creating and Combining Views";
			sourceTree = "<group>";
		};
		219A8AC6241E43A3008F5A09 /* Building Lists and Navigation */ = {
			isa = PBXGroup;
			children = (
				219A8AD6241E4EEE008F5A09 /* LandmarkResources */,
				219A8AD3241E4C22008F5A09 /* Models */,
				219A8ACB241E4542008F5A09 /* LandMarkDetailView.swift */,
				219A8ACF241E45F8008F5A09 /* LandmarkRow.swift */,
				219A8AF3241E5096008F5A09 /* LandmarkListView.swift */,
			);
			path = "Building Lists and Navigation";
			sourceTree = "<group>";
		};
		219A8AD3241E4C22008F5A09 /* Models */ = {
			isa = PBXGroup;
			children = (
				219A8AC7241E43CD008F5A09 /* Landmark.swift */,
				219A8AD4241E4C3D008F5A09 /* Data.swift */,
			);
			path = Models;
			sourceTree = "<group>";
		};
		219A8AD6241E4EEE008F5A09 /* LandmarkResources */ = {
			isa = PBXGroup;
			children = (
				219A8AF1241E4F61008F5A09 /* WYW.jpg */,
				219A8AD7241E4EEE008F5A09 /* turtlerock.jpg */,
				219A8AD8241E4EEE008F5A09 /* silversalmoncreek.jpg */,
				219A8AD9241E4EEE008F5A09 /* icybay.jpg */,
				219A8ADA241E4EEE008F5A09 /* lakemcdonald.jpg */,
				219A8ADB241E4EEE008F5A09 /* hiddenlake.jpg */,
				219A8ADC241E4EEE008F5A09 /* twinlake.jpg */,
				219A8ADD241E4EEE008F5A09 /* umbagog.jpg */,
				219A8ADE241E4EEE008F5A09 /* landmarkData.json */,
				219A8ADF241E4EEE008F5A09 /* chincoteague.jpg */,
				219A8AE0241E4EEE008F5A09 /* yukon_charleyrivers.jpg */,
				219A8AE1241E4EEE008F5A09 /* stmarylake.jpg */,
				219A8AE2241E4EEE008F5A09 /* chilkoottrail.jpg */,
				219A8AE3241E4EEE008F5A09 /* rainbowlake.jpg */,
			);
			path = LandmarkResources;
			sourceTree = "<group>";
		};
/* End PBXGroup section */

/* Begin PBXNativeTarget section */
		219A8AA3241E367F008F5A09 /* SwiftUIDemo */ = {
			isa = PBXNativeTarget;
			buildConfigurationList = 219A8AB8241E3685008F5A09 /* Build configuration list for PBXNativeTarget "SwiftUIDemo" */;
			buildPhases = (
				219A8AA0241E367F008F5A09 /* Sources */,
				219A8AA1241E367F008F5A09 /* Frameworks */,
				219A8AA2241E367F008F5A09 /* Resources */,
			);
			buildRules = (
			);
			dependencies = (
			);
			name = SwiftUIDemo;
			productName = SwiftUIDemo;
			productReference = 219A8AA4241E367F008F5A09 /* SwiftUIDemo.app */;
			productType = "com.apple.product-type.application";
		};
/* End PBXNativeTarget section */

/* Begin PBXProject section */
		219A8A9C241E367F008F5A09 /* Project object */ = {
			isa = PBXProject;
			attributes = {
				LastSwiftUpdateCheck = 1120;
				LastUpgradeCheck = 1120;
				ORGANIZATIONNAME = WYW;
				TargetAttributes = {
					219A8AA3241E367F008F5A09 = {
						CreatedOnToolsVersion = 11.2.1;
					};
				};
			};
			buildConfigurationList = 219A8A9F241E367F008F5A09 /* Build configuration list for PBXProject "SwiftUIDemo" */;
			compatibilityVersion = "Xcode 9.3";
			developmentRegion = en;
			hasScannedForEncodings = 0;
			knownRegions = (
				en,
				Base,
			);
			mainGroup = 219A8A9B241E367F008F5A09;
			productRefGroup = 219A8AA5241E367F008F5A09 /* Products */;
			projectDirPath = "";
			projectRoot = "";
			targets = (
				219A8AA3241E367F008F5A09 /* SwiftUIDemo */,
			);
		};
/* End PBXProject section */

/* Begin PBXResourcesBuildPhase section */
		219A8AA2241E367F008F5A09 /* Resources */ = {
			isa = PBXResourcesBuildPhase;
			buildActionMask = 2147483647;
			files = (
				219A8AE7241E4EEF008F5A09 /* lakemcdonald.jpg in Resources */,
				219A8AE5241E4EEF008F5A09 /* silversalmoncreek.jpg in Resources */,
				219A8AEB241E4EEF008F5A09 /* landmarkData.json in Resources */,
				219A8AE4241E4EEF008F5A09 /* turtlerock.jpg in Resources */,
				219A8AB4241E3685008F5A09 /* LaunchScreen.storyboard in Resources */,
				219A8AEA241E4EEF008F5A09 /* umbagog.jpg in Resources */,
				219A8AEE241E4EEF008F5A09 /* stmarylake.jpg in Resources */,
				219A8AEC241E4EEF008F5A09 /* chincoteague.jpg in Resources */,
				219A8AB1241E3685008F5A09 /* Assets.xcassets in Resources */,
				219A8AE6241E4EEF008F5A09 /* icybay.jpg in Resources */,
				219A8AE9241E4EEF008F5A09 /* twinlake.jpg in Resources */,
				219A8AE8241E4EEF008F5A09 /* hiddenlake.jpg in Resources */,
				219A8AAF241E367F008F5A09 /* Main.storyboard in Resources */,
				219A8AF2241E4F61008F5A09 /* WYW.jpg in Resources */,
				219A8AF0241E4EEF008F5A09 /* rainbowlake.jpg in Resources */,
				219A8AEF241E4EEF008F5A09 /* chilkoottrail.jpg in Resources */,
				219A8AED241E4EEF008F5A09 /* yukon_charleyrivers.jpg in Resources */,
			);
			runOnlyForDeploymentPostprocessing = 0;
		};
/* End PBXResourcesBuildPhase section */

/* Begin PBXSourcesBuildPhase section */
		219A8AA0241E367F008F5A09 /* Sources */ = {
			isa = PBXSourcesBuildPhase;
			buildActionMask = 2147483647;
			files = (
				219A8ACC241E4542008F5A09 /* LandMarkDetailView.swift in Sources */,
				219A8AAC241E367F008F5A09 /* ViewController.swift in Sources */,
				219A8AC4241E3FD7008F5A09 /* MapCircleTextContentView.swift in Sources */,
				219A8AC2241E3DD0008F5A09 /* MapView.swift in Sources */,
				219A8AD5241E4C3D008F5A09 /* Data.swift in Sources */,
				219A8AC8241E43CD008F5A09 /* Landmark.swift in Sources */,
				219A8AA8241E367F008F5A09 /* AppDelegate.swift in Sources */,
				219A8AAA241E367F008F5A09 /* SceneDelegate.swift in Sources */,
				219A8ABE241E3AE2008F5A09 /* CircleImageView.swift in Sources */,
				219A8AD0241E45F8008F5A09 /* LandmarkRow.swift in Sources */,
				219A8AF4241E5096008F5A09 /* LandmarkListView.swift in Sources */,
				219A8ABC241E3698008F5A09 /* SwiftUIDemoView.swift in Sources */,
			);
			runOnlyForDeploymentPostprocessing = 0;
		};
/* End PBXSourcesBuildPhase section */

/* Begin PBXVariantGroup section */
		219A8AAD241E367F008F5A09 /* Main.storyboard */ = {
			isa = PBXVariantGroup;
			children = (
				219A8AAE241E367F008F5A09 /* Base */,
			);
			name = Main.storyboard;
			sourceTree = "<group>";
		};
		219A8AB2241E3685008F5A09 /* LaunchScreen.storyboard */ = {
			isa = PBXVariantGroup;
			children = (
				219A8AB3241E3685008F5A09 /* Base */,
			);
			name = LaunchScreen.storyboard;
			sourceTree = "<group>";
		};
/* End PBXVariantGroup section */

/* Begin XCBuildConfiguration section */
		219A8AB6241E3685008F5A09 /* Debug */ = {
			isa = XCBuildConfiguration;
			buildSettings = {
				ALWAYS_SEARCH_USER_PATHS = NO;
				CLANG_ANALYZER_NONNULL = YES;
				CLANG_ANALYZER_NUMBER_OBJECT_CONVERSION = YES_AGGRESSIVE;
				CLANG_CXX_LANGUAGE_STANDARD = "gnu++14";
				CLANG_CXX_LIBRARY = "libc++";
				CLANG_ENABLE_MODULES = YES;
				CLANG_ENABLE_OBJC_ARC = YES;
				CLANG_ENABLE_OBJC_WEAK = YES;
				CLANG_WARN_BLOCK_CAPTURE_AUTORELEASING = YES;
				CLANG_WARN_BOOL_CONVERSION = YES;
				CLANG_WARN_COMMA = YES;
				CLANG_WARN_CONSTANT_CONVERSION = YES;
				CLANG_WARN_DEPRECATED_OBJC_IMPLEMENTATIONS = YES;
				CLANG_WARN_DIRECT_OBJC_ISA_USAGE = YES_ERROR;
				CLANG_WARN_DOCUMENTATION_COMMENTS = YES;
				CLANG_WARN_EMPTY_BODY = YES;
				CLANG_WARN_ENUM_CONVERSION = YES;
				CLANG_WARN_INFINITE_RECURSION = YES;
				CLANG_WARN_INT_CONVERSION = YES;
				CLANG_WARN_NON_LITERAL_NULL_CONVERSION = YES;
				CLANG_WARN_OBJC_IMPLICIT_RETAIN_SELF = YES;
				CLANG_WARN_OBJC_LITERAL_CONVERSION = YES;
				CLANG_WARN_OBJC_ROOT_CLASS = YES_ERROR;
				CLANG_WARN_RANGE_LOOP_ANALYSIS = YES;
				CLANG_WARN_STRICT_PROTOTYPES = YES;
				CLANG_WARN_SUSPICIOUS_MOVE = YES;
				CLANG_WARN_UNGUARDED_AVAILABILITY = YES_AGGRESSIVE;
				CLANG_WARN_UNREACHABLE_CODE = YES;
				CLANG_WARN__DUPLICATE_METHOD_MATCH = YES;
				COPY_PHASE_STRIP = NO;
				DEBUG_INFORMATION_FORMAT = dwarf;
				ENABLE_STRICT_OBJC_MSGSEND = YES;
				ENABLE_TESTABILITY = YES;
				GCC_C_LANGUAGE_STANDARD = gnu11;
				GCC_DYNAMIC_NO_PIC = NO;
				GCC_NO_COMMON_BLOCKS = YES;
				GCC_OPTIMIZATION_LEVEL = 0;
				GCC_PREPROCESSOR_DEFINITIONS = (
					"DEBUG=1",
					"$(inherited)",
				);
				GCC_WARN_64_TO_32_BIT_CONVERSION = YES;
				GCC_WARN_ABOUT_RETURN_TYPE = YES_ERROR;
				GCC_WARN_UNDECLARED_SELECTOR = YES;
				GCC_WARN_UNINITIALIZED_AUTOS = YES_AGGRESSIVE;
				GCC_WARN_UNUSED_FUNCTION = YES;
				GCC_WARN_UNUSED_VARIABLE = YES;
				IPHONEOS_DEPLOYMENT_TARGET = 13.2;
				MTL_ENABLE_DEBUG_INFO = INCLUDE_SOURCE;
				MTL_FAST_MATH = YES;
				ONLY_ACTIVE_ARCH = YES;
				SDKROOT = iphoneos;
				SWIFT_ACTIVE_COMPILATION_CONDITIONS = DEBUG;
				SWIFT_OPTIMIZATION_LEVEL = "-Onone";
			};
			name = Debug;
		};
		219A8AB7241E3685008F5A09 /* Release */ = {
			isa = XCBuildConfiguration;
			buildSettings = {
				ALWAYS_SEARCH_USER_PATHS = NO;
				CLANG_ANALYZER_NONNULL = YES;
				CLANG_ANALYZER_NUMBER_OBJECT_CONVERSION = YES_AGGRESSIVE;
				CLANG_CXX_LANGUAGE_STANDARD = "gnu++14";
				CLANG_CXX_LIBRARY = "libc++";
				CLANG_ENABLE_MODULES = YES;
				CLANG_ENABLE_OBJC_ARC = YES;
				CLANG_ENABLE_OBJC_WEAK = YES;
				CLANG_WARN_BLOCK_CAPTURE_AUTORELEASING = YES;
				CLANG_WARN_BOOL_CONVERSION = YES;
				CLANG_WARN_COMMA = YES;
				CLANG_WARN_CONSTANT_CONVERSION = YES;
				CLANG_WARN_DEPRECATED_OBJC_IMPLEMENTATIONS = YES;
				CLANG_WARN_DIRECT_OBJC_ISA_USAGE = YES_ERROR;
				CLANG_WARN_DOCUMENTATION_COMMENTS = YES;
				CLANG_WARN_EMPTY_BODY = YES;
				CLANG_WARN_ENUM_CONVERSION = YES;
				CLANG_WARN_INFINITE_RECURSION = YES;
				CLANG_WARN_INT_CONVERSION = YES;
				CLANG_WARN_NON_LITERAL_NULL_CONVERSION = YES;
				CLANG_WARN_OBJC_IMPLICIT_RETAIN_SELF = YES;
				CLANG_WARN_OBJC_LITERAL_CONVERSION = YES;
				CLANG_WARN_OBJC_ROOT_CLASS = YES_ERROR;
				CLANG_WARN_RANGE_LOOP_ANALYSIS = YES;
				CLANG_WARN_STRICT_PROTOTYPES = YES;
				CLANG_WARN_SUSPICIOUS_MOVE = YES;
				CLANG_WARN_UNGUARDED_AVAILABILITY = YES_AGGRESSIVE;
				CLANG_WARN_UNREACHABLE_CODE = YES;
				CLANG_WARN__DUPLICATE_METHOD_MATCH = YES;
				COPY_PHASE_STRIP = NO;
				DEBUG_INFORMATION_FORMAT = "dwarf-with-dsym";
				ENABLE_NS_ASSERTIONS = NO;
				ENABLE_STRICT_OBJC_MSGSEND = YES;
				GCC_C_LANGUAGE_STANDARD = gnu11;
				GCC_NO_COMMON_BLOCKS = YES;
				GCC_WARN_64_TO_32_BIT_CONVERSION = YES;
				GCC_WARN_ABOUT_RETURN_TYPE = YES_ERROR;
				GCC_WARN_UNDECLARED_SELECTOR = YES;
				GCC_WARN_UNINITIALIZED_AUTOS = YES_AGGRESSIVE;
				GCC_WARN_UNUSED_FUNCTION = YES;
				GCC_WARN_UNUSED_VARIABLE = YES;
				IPHONEOS_DEPLOYMENT_TARGET = 13.2;
				MTL_ENABLE_DEBUG_INFO = NO;
				MTL_FAST_MATH = YES;
				SDKROOT = iphoneos;
				SWIFT_COMPILATION_MODE = wholemodule;
				SWIFT_OPTIMIZATION_LEVEL = "-O";
				VALIDATE_PRODUCT = YES;
			};
			name = Release;
		};
		219A8AB9241E3685008F5A09 /* Debug */ = {
			isa = XCBuildConfiguration;
			buildSettings = {
				ASSETCATALOG_COMPILER_APPICON_NAME = AppIcon;
				CODE_SIGN_STYLE = Automatic;
				DEVELOPMENT_TEAM = 8ZX24TX624;
				INFOPLIST_FILE = SwiftUIDemo/Info.plist;
				LD_RUNPATH_SEARCH_PATHS = (
					"$(inherited)",
					"@executable_path/Frameworks",
				);
				PRODUCT_BUNDLE_IDENTIFIER = com.qishare.ios.wyw;
				PRODUCT_NAME = "$(TARGET_NAME)";
				SWIFT_VERSION = 5.0;
				TARGETED_DEVICE_FAMILY = "1,2";
			};
			name = Debug;
		};
		219A8ABA241E3685008F5A09 /* Release */ = {
			isa = XCBuildConfiguration;
			buildSettings = {
				ASSETCATALOG_COMPILER_APPICON_NAME = AppIcon;
				CODE_SIGN_STYLE = Automatic;
				DEVELOPMENT_TEAM = 8ZX24TX624;
				INFOPLIST_FILE = SwiftUIDemo/Info.plist;
				LD_RUNPATH_SEARCH_PATHS = (
					"$(inherited)",
					"@executable_path/Frameworks",
				);
				PRODUCT_BUNDLE_IDENTIFIER = com.qishare.ios.wyw;
				PRODUCT_NAME = "$(TARGET_NAME)";
				SWIFT_VERSION = 5.0;
				TARGETED_DEVICE_FAMILY = "1,2";
			};
			name = Release;
		};
/* End XCBuildConfiguration section */

/* Begin XCConfigurationList section */
		219A8A9F241E367F008F5A09 /* Build configuration list for PBXProject "SwiftUIDemo" */ = {
			isa = XCConfigurationList;
			buildConfigurations = (
				219A8AB6241E3685008F5A09 /* Debug */,
				219A8AB7241E3685008F5A09 /* Release */,
			);
			defaultConfigurationIsVisible = 0;
			defaultConfigurationName = Release;
		};
		219A8AB8241E3685008F5A09 /* Build configuration list for PBXNativeTarget "SwiftUIDemo" */ = {
			isa = XCConfigurationList;
			buildConfigurations = (
				219A8AB9241E3685008F5A09 /* Debug */,
				219A8ABA241E3685008F5A09 /* Release */,
			);
			defaultConfigurationIsVisible = 0;
			defaultConfigurationName = Release;
		};
/* End XCConfigurationList section */
	};
	rootObject = 219A8A9C241E367F008F5A09 /* Project object */;
}
